
Microsoft Visual Studio Solution File, Format Version 12.00
# Visual Studio 2012
Project("{FAE04EC0-301F-11D3-BF4B-00C04F79EFBC}") = "NyanCat", "NyanCat\NyanCat.csproj", "{F7051D5D-91C3-4D65-B6D1-672D2F14D285}"
EndProject
Global
	GlobalSection(SolutionConfigurationPlatforms) = preSolution
		Debug|Any CPU = Debug|Any CPU
		Release|Any CPU = Release|Any CPU
	EndGlobalSection
	GlobalSection(ProjectConfigurationPlatforms) = postSolution
		{F7051D5D-91C3-4D65-B6D1-672D2F14D285}.Debug|Any CPU.ActiveCfg = Debug|Any CPU
		{F7051D5D-91C3-4D65-B6D1-672D2F14D285}.Debug|Any CPU.Build.0 = Debug|Any CPU
		{F7051D5D-91C3-4D65-B6D1-672D2F14D285}.Release|Any CPU.ActiveCfg = Release|Any CPU
		{F7051D5D-91C3-4D65-B6D1-672D2F14D285}.Release|Any CPU.Build.0 = Release|Any CPU
	EndGlobalSection
	GlobalSection(MonoDevelopProperties) = preSolution
		StartupItem = NyanCat\NyanCat.csproj
	EndGlobalSection
EndGlobal
